// !$*UTF8*$!
{
	archiveVersion = 1;
	classes = {
	};
	objectVersion = 46;
	objects = {

/* Begin PBXBuildFile section */
		1825B6BF1B4824C3001642DB /* AppDelegate.swift in Sources */ = {isa = PBXBuildFile; fileRef = 1825B6BE1B4824C3001642DB /* AppDelegate.swift */; };
		1825B6C21B4824C3001642DB /* HonolululuArt.xcdatamodeld in Sources */ = {isa = PBXBuildFile; fileRef = 1825B6C01B4824C3001642DB /* HonolululuArt.xcdatamodeld */; };
		1825B6C41B4824C3001642DB /* ViewController.swift in Sources */ = {isa = PBXBuildFile; fileRef = 1825B6C31B4824C3001642DB /* ViewController.swift */; };
		1825B6C71B4824C3001642DB /* Main.storyboard in Resources */ = {isa = PBXBuildFile; fileRef = 1825B6C51B4824C3001642DB /* Main.storyboard */; };
		1825B6C91B4824C3001642DB /* Images.xcassets in Resources */ = {isa = PBXBuildFile; fileRef = 1825B6C81B4824C3001642DB /* Images.xcassets */; };
		1825B6CC1B4824C3001642DB /* LaunchScreen.xib in Resources */ = {isa = PBXBuildFile; fileRef = 1825B6CA1B4824C3001642DB /* LaunchScreen.xib */; };
		1825B6D81B4824C3001642DB /* HonolululuArtTests.swift in Sources */ = {isa = PBXBuildFile; fileRef = 1825B6D71B4824C3001642DB /* HonolululuArtTests.swift */; };
		186F813B1B482E4A00283048 /* main-photo.png in Resources */ = {isa = PBXBuildFile; fileRef = 186F813A1B482E4A00283048 /* main-photo.png */; };
		186F813D1B482F3400283048 /* PublicArt.json in Resources */ = {isa = PBXBuildFile; fileRef = 186F813C1B482F3400283048 /* PublicArt.json */; };
		6AD88E0B1B4DF9180096393A /* Artwork.swift in Sources */ = {isa = PBXBuildFile; fileRef = 6AD88E0A1B4DF9180096393A /* Artwork.swift */; };
		6AD88E0D1B4DFD880096393A /* VCMapView.swift in Sources */ = {isa = PBXBuildFile; fileRef = 6AD88E0C1B4DFD880096393A /* VCMapView.swift */; };
		6AD88E111B4E0AC80096393A /* JSON.swift in Sources */ = {isa = PBXBuildFile; fileRef = 6AD88E101B4E0AC80096393A /* JSON.swift */; };
		6AD88E171B4E20960096393A /* Beach-icon.png in Resources */ = {isa = PBXBuildFile; fileRef = 6AD88E131B4E20960096393A /* Beach-icon.png */; };
		6AD88E181B4E20960096393A /* Beach-icon1x.png in Resources */ = {isa = PBXBuildFile; fileRef = 6AD88E141B4E20960096393A /* Beach-icon1x.png */; };
		6AD88E191B4E20960096393A /* Beach-icon2x.png in Resources */ = {isa = PBXBuildFile; fileRef = 6AD88E151B4E20960096393A /* Beach-icon2x.png */; };
		6AD88E1A1B4E20960096393A /* Beach-icon3x.png in Resources */ = {isa = PBXBuildFile; fileRef = 6AD88E161B4E20960096393A /* Beach-icon3x.png */; };
		6AD88E1D1B4E229C0096393A /* Beach-icon180.png in Resources */ = {isa = PBXBuildFile; fileRef = 6AD88E1B1B4E229C0096393A /* Beach-icon180.png */; };
		6AD88E1E1B4E229C0096393A /* Beach-icon120.png in Resources */ = {isa = PBXBuildFile; fileRef = 6AD88E1C1B4E229C0096393A /* Beach-icon120.png */; };
/* End PBXBuildFile section */

/* Begin PBXContainerItemProxy section */
		1825B6D21B4824C3001642DB /* PBXContainerItemProxy */ = {
			isa = PBXContainerItemProxy;
			containerPortal = 1825B6B11B4824C3001642DB /* Project object */;
			proxyType = 1;
			remoteGlobalIDString = 1825B6B81B4824C3001642DB;
			remoteInfo = HonolululuArt;
		};
/* End PBXContainerItemProxy section */

/* Begin PBXFileReference section */
		1825B6B91B4824C3001642DB /* HonolululuArt.app */ = {isa = PBXFileReference; explicitFileType = wrapper.application; includeInIndex = 0; path = HonolululuArt.app; sourceTree = BUILT_PRODUCTS_DIR; };
		1825B6BD1B4824C3001642DB /* Info.plist */ = {isa = PBXFileReference; lastKnownFileType = text.plist.xml; path = Info.plist; sourceTree = "<group>"; };
		1825B6BE1B4824C3001642DB /* AppDelegate.swift */ = {isa = PBXFileReference; lastKnownFileType = sourcecode.swift; path = AppDelegate.swift; sourceTree = "<group>"; };
		1825B6C11B4824C3001642DB /* HonolululuArt.xcdatamodel */ = {isa = PBXFileReference; lastKnownFileType = wrapper.xcdatamodel; path = HonolululuArt.xcdatamodel; sourceTree = "<group>"; };
		1825B6C31B4824C3001642DB /* ViewController.swift */ = {isa = PBXFileReference; lastKnownFileType = sourcecode.swift; path = ViewController.swift; sourceTree = "<group>"; };
		1825B6C61B4824C3001642DB /* Base */ = {isa = PBXFileReference; lastKnownFileType = file.storyboard; name = Base; path = Base.lproj/Main.storyboard; sourceTree = "<group>"; };
		1825B6C81B4824C3001642DB /* Images.xcassets */ = {isa = PBXFileReference; lastKnownFileType = folder.assetcatalog; path = Images.xcassets; sourceTree = "<group>"; };
		1825B6CB1B4824C3001642DB /* Base */ = {isa = PBXFileReference; lastKnownFileType = file.xib; name = Base; path = Base.lproj/LaunchScreen.xib; sourceTree = "<group>"; };
		1825B6D11B4824C3001642DB /* HonolululuArtTests.xctest */ = {isa = PBXFileReference; explicitFileType = wrapper.cfbundle; includeInIndex = 0; path = HonolululuArtTests.xctest; sourceTree = BUILT_PRODUCTS_DIR; };
		1825B6D61B4824C3001642DB /* Info.plist */ = {isa = PBXFileReference; lastKnownFileType = text.plist.xml; path = Info.plist; sourceTree = "<group>"; };
		1825B6D71B4824C3001642DB /* HonolululuArtTests.swift */ = {isa = PBXFileReference; lastKnownFileType = sourcecode.swift; path = HonolululuArtTests.swift; sourceTree = "<group>"; };
		186F813A1B482E4A00283048 /* main-photo.png */ = {isa = PBXFileReference; lastKnownFileType = image.png; path = "main-photo.png"; sourceTree = "<group>"; };
		186F813C1B482F3400283048 /* PublicArt.json */ = {isa = PBXFileReference; fileEncoding = 4; lastKnownFileType = text.json; path = PublicArt.json; sourceTree = "<group>"; };
		6AD88E0A1B4DF9180096393A /* Artwork.swift */ = {isa = PBXFileReference; fileEncoding = 4; lastKnownFileType = sourcecode.swift; path = Artwork.swift; sourceTree = "<group>"; };
		6AD88E0C1B4DFD880096393A /* VCMapView.swift */ = {isa = PBXFileReference; fileEncoding = 4; lastKnownFileType = sourcecode.swift; path = VCMapView.swift; sourceTree = "<group>"; };
		6AD88E101B4E0AC80096393A /* JSON.swift */ = {isa = PBXFileReference; fileEncoding = 4; lastKnownFileType = sourcecode.swift; path = JSON.swift; sourceTree = "<group>"; };
		6AD88E131B4E20960096393A /* Beach-icon.png */ = {isa = PBXFileReference; lastKnownFileType = image.png; path = "Beach-icon.png"; sourceTree = "<group>"; };
		6AD88E141B4E20960096393A /* Beach-icon1x.png */ = {isa = PBXFileReference; lastKnownFileType = image.png; path = "Beach-icon1x.png"; sourceTree = "<group>"; };
		6AD88E151B4E20960096393A /* Beach-icon2x.png */ = {isa = PBXFileReference; lastKnownFileType = image.png; path = "Beach-icon2x.png"; sourceTree = "<group>"; };
		6AD88E161B4E20960096393A /* Beach-icon3x.png */ = {isa = PBXFileReference; lastKnownFileType = image.png; path = "Beach-icon3x.png"; sourceTree = "<group>"; };
		6AD88E1B1B4E229C0096393A /* Beach-icon180.png */ = {isa = PBXFileReference; lastKnownFileType = image.png; path = "Beach-icon180.png"; sourceTree = "<group>"; };
		6AD88E1C1B4E229C0096393A /* Beach-icon120.png */ = {isa = PBXFileReference; lastKnownFileType = image.png; path = "Beach-icon120.png"; sourceTree = "<group>"; };
/* End PBXFileReference section */

/* Begin PBXFrameworksBuildPhase section */
		1825B6B61B4824C3001642DB /* Frameworks */ = {
			isa = PBXFrameworksBuildPhase;
			buildActionMask = 2147483647;
			files = (
			);
			runOnlyForDeploymentPostprocessing = 0;
		};
		1825B6CE1B4824C3001642DB /* Frameworks */ = {
			isa = PBXFrameworksBuildPhase;
			buildActionMask = 2147483647;
			files = (
			);
			runOnlyForDeploymentPostprocessing = 0;
		};
/* End PBXFrameworksBuildPhase section */

/* Begin PBXGroup section */
		1825B6B01B4824C3001642DB = {
			isa = PBXGroup;
			children = (
				1825B6BB1B4824C3001642DB /* HonolululuArt */,
				1825B6D41B4824C3001642DB /* HonolululuArtTests */,
				1825B6BA1B4824C3001642DB /* Products */,
			);
			sourceTree = "<group>";
		};
		1825B6BA1B4824C3001642DB /* Products */ = {
			isa = PBXGroup;
			children = (
				1825B6B91B4824C3001642DB /* HonolululuArt.app */,
				1825B6D11B4824C3001642DB /* HonolululuArtTests.xctest */,
			);
			name = Products;
			sourceTree = "<group>";
		};
		1825B6BB1B4824C3001642DB /* HonolululuArt */ = {
			isa = PBXGroup;
			children = (
				6AD88E121B4E20960096393A /* beach */,
				6AD88E101B4E0AC80096393A /* JSON.swift */,
				186F81391B482E4A00283048 /* mapsimages */,
				1825B6BE1B4824C3001642DB /* AppDelegate.swift */,
				186F813C1B482F3400283048 /* PublicArt.json */,
				1825B6C31B4824C3001642DB /* ViewController.swift */,
				1825B6C51B4824C3001642DB /* Main.storyboard */,
				1825B6C81B4824C3001642DB /* Images.xcassets */,
				1825B6CA1B4824C3001642DB /* LaunchScreen.xib */,
				1825B6C01B4824C3001642DB /* HonolululuArt.xcdatamodeld */,
				1825B6BC1B4824C3001642DB /* Supporting Files */,
				6AD88E0A1B4DF9180096393A /* Artwork.swift */,
				6AD88E0C1B4DFD880096393A /* VCMapView.swift */,
			);
			path = HonolululuArt;
			sourceTree = "<group>";
		};
		1825B6BC1B4824C3001642DB /* Supporting Files */ = {
			isa = PBXGroup;
			children = (
				1825B6BD1B4824C3001642DB /* Info.plist */,
			);
			name = "Supporting Files";
			sourceTree = "<group>";
		};
		1825B6D41B4824C3001642DB /* HonolululuArtTests */ = {
			isa = PBXGroup;
			children = (
				1825B6D71B4824C3001642DB /* HonolululuArtTests.swift */,
				1825B6D51B4824C3001642DB /* Supporting Files */,
			);
			path = HonolululuArtTests;
			sourceTree = "<group>";
		};
		1825B6D51B4824C3001642DB /* Supporting Files */ = {
			isa = PBXGroup;
			children = (
				1825B6D61B4824C3001642DB /* Info.plist */,
			);
			name = "Supporting Files";
			sourceTree = "<group>";
		};
		186F81391B482E4A00283048 /* mapsimages */ = {
			isa = PBXGroup;
			children = (
				186F813A1B482E4A00283048 /* main-photo.png */,
			);
			path = mapsimages;
			sourceTree = "<group>";
		};
		6AD88E121B4E20960096393A /* beach */ = {
			isa = PBXGroup;
			children = (
				6AD88E1B1B4E229C0096393A /* Beach-icon180.png */,
				6AD88E1C1B4E229C0096393A /* Beach-icon120.png */,
				6AD88E131B4E20960096393A /* Beach-icon.png */,
				6AD88E141B4E20960096393A /* Beach-icon1x.png */,
				6AD88E151B4E20960096393A /* Beach-icon2x.png */,
				6AD88E161B4E20960096393A /* Beach-icon3x.png */,
			);
			path = beach;
			sourceTree = "<group>";
		};
/* End PBXGroup section */

/* Begin PBXNativeTarget section */
		1825B6B81B4824C3001642DB /* HonolululuArt */ = {
			isa = PBXNativeTarget;
			buildConfigurationList = 1825B6DB1B4824C3001642DB /* Build configuration list for PBXNativeTarget "HonolululuArt" */;
			buildPhases = (
				1825B6B51B4824C3001642DB /* Sources */,
				1825B6B61B4824C3001642DB /* Frameworks */,
				1825B6B71B4824C3001642DB /* Resources */,
			);
			buildRules = (
			);
			dependencies = (
			);
			name = HonolululuArt;
			productName = HonolululuArt;
			productReference = 1825B6B91B4824C3001642DB /* HonolululuArt.app */;
			productType = "com.apple.product-type.application";
		};
		1825B6D01B4824C3001642DB /* HonolululuArtTests */ = {
			isa = PBXNativeTarget;
			buildConfigurationList = 1825B6DE1B4824C3001642DB /* Build configuration list for PBXNativeTarget "HonolululuArtTests" */;
			buildPhases = (
				1825B6CD1B4824C3001642DB /* Sources */,
				1825B6CE1B4824C3001642DB /* Frameworks */,
				1825B6CF1B4824C3001642DB /* Resources */,
			);
			buildRules = (
			);
			dependencies = (
				1825B6D31B4824C3001642DB /* PBXTargetDependency */,
			);
			name = HonolululuArtTests;
			productName = HonolululuArtTests;
			productReference = 1825B6D11B4824C3001642DB /* HonolululuArtTests.xctest */;
			productType = "com.apple.product-type.bundle.unit-test";
		};
/* End PBXNativeTarget section */

/* Begin PBXProject section */
		1825B6B11B4824C3001642DB /* Project object */ = {
			isa = PBXProject;
			attributes = {
				LastUpgradeCheck = 0630;
				ORGANIZATIONNAME = mcanche;
				TargetAttributes = {
					1825B6B81B4824C3001642DB = {
						CreatedOnToolsVersion = 6.3.2;
					};
					1825B6D01B4824C3001642DB = {
						CreatedOnToolsVersion = 6.3.2;
						TestTargetID = 1825B6B81B4824C3001642DB;
					};
				};
			};
			buildConfigurationList = 1825B6B41B4824C3001642DB /* Build configuration list for PBXProject "HonolululuArt" */;
			compatibilityVersion = "Xcode 3.2";
			developmentRegion = English;
			hasScannedForEncodings = 0;
			knownRegions = (
				en,
				Base,
			);
			mainGroup = 1825B6B01B4824C3001642DB;
			productRefGroup = 1825B6BA1B4824C3001642DB /* Products */;
			projectDirPath = "";
			projectRoot = "";
			targets = (
				1825B6B81B4824C3001642DB /* HonolululuArt */,
				1825B6D01B4824C3001642DB /* HonolululuArtTests */,
			);
		};
/* End PBXProject section */

/* Begin PBXResourcesBuildPhase section */
		1825B6B71B4824C3001642DB /* Resources */ = {
			isa = PBXResourcesBuildPhase;
			buildActionMask = 2147483647;
			files = (
				6AD88E171B4E20960096393A /* Beach-icon.png in Resources */,
				1825B6C71B4824C3001642DB /* Main.storyboard in Resources */,
				186F813B1B482E4A00283048 /* main-photo.png in Resources */,
				6AD88E181B4E20960096393A /* Beach-icon1x.png in Resources */,
				1825B6CC1B4824C3001642DB /* LaunchScreen.xib in Resources */,
				1825B6C91B4824C3001642DB /* Images.xcassets in Resources */,
				6AD88E1D1B4E229C0096393A /* Beach-icon180.png in Resources */,
				6AD88E1A1B4E20960096393A /* Beach-icon3x.png in Resources */,
				6AD88E191B4E20960096393A /* Beach-icon2x.png in Resources */,
				186F813D1B482F3400283048 /* PublicArt.json in Resources */,
				6AD88E1E1B4E229C0096393A /* Beach-icon120.png in Resources */,
			);
			runOnlyForDeploymentPostprocessing = 0;
		};
		1825B6CF1B4824C3001642DB /* Resources */ = {
			isa = PBXResourcesBuildPhase;
			buildActionMask = 2147483647;
			files = (
			);
			runOnlyForDeploymentPostprocessing = 0;
		};
/* End PBXResourcesBuildPhase section */

/* Begin PBXSourcesBuildPhase section */
		1825B6B51B4824C3001642DB /* Sources */ = {
			isa = PBXSourcesBuildPhase;
			buildActionMask = 2147483647;
			files = (
				1825B6C41B4824C3001642DB /* ViewController.swift in Sources */,
				1825B6C21B4824C3001642DB /* HonolululuArt.xcdatamodeld in Sources */,
				6AD88E0D1B4DFD880096393A /* VCMapView.swift in Sources */,
				6AD88E111B4E0AC80096393A /* JSON.swift in Sources */,
				6AD88E0B1B4DF9180096393A /* Artwork.swift in Sources */,
				1825B6BF1B4824C3001642DB /* AppDelegate.swift in Sources */,
			);
			runOnlyForDeploymentPostprocessing = 0;
		};
		1825B6CD1B4824C3001642DB /* Sources */ = {
			isa = PBXSourcesBuildPhase;
			buildActionMask = 2147483647;
			files = (
				1825B6D81B4824C3001642DB /* HonolululuArtTests.swift in Sources */,
			);
			runOnlyForDeploymentPostprocessing = 0;
		};
/* End PBXSourcesBuildPhase section */

/* Begin PBXTargetDependency section */
		1825B6D31B4824C3001642DB /* PBXTargetDependency */ = {
			isa = PBXTargetDependency;
			target = 1825B6B81B4824C3001642DB /* HonolululuArt */;
			targetProxy = 1825B6D21B4824C3001642DB /* PBXContainerItemProxy */;
		};
/* End PBXTargetDependency section */

/* Begin PBXVariantGroup section */
		1825B6C51B4824C3001642DB /* Main.storyboard */ = {
			isa = PBXVariantGroup;
			children = (
				1825B6C61B4824C3001642DB /* Base */,
			);
			name = Main.storyboard;
			sourceTree = "<group>";
		};
		1825B6CA1B4824C3001642DB /* LaunchScreen.xib */ = {
			isa = PBXVariantGroup;
			children = (
				1825B6CB1B4824C3001642DB /* Base */,
			);
			name = LaunchScreen.xib;
			sourceTree = "<group>";
		};
/* End PBXVariantGroup section */

/* Begin XCBuildConfiguration section */
		1825B6D91B4824C3001642DB /* Debug */ = {
			isa = XCBuildConfiguration;
			buildSettings = {
				ALWAYS_SEARCH_USER_PATHS = NO;
				CLANG_CXX_LANGUAGE_STANDARD = "gnu++0x";
				CLANG_CXX_LIBRARY = "libc++";
				CLANG_ENABLE_MODULES = YES;
				CLANG_ENABLE_OBJC_ARC = YES;
				CLANG_WARN_BOOL_CONVERSION = YES;
				CLANG_WARN_CONSTANT_CONVERSION = YES;
				CLANG_WARN_DIRECT_OBJC_ISA_USAGE = YES_ERROR;
				CLANG_WARN_EMPTY_BODY = YES;
				CLANG_WARN_ENUM_CONVERSION = YES;
				CLANG_WARN_INT_CONVERSION = YES;
				CLANG_WARN_OBJC_ROOT_CLASS = YES_ERROR;
				CLANG_WARN_UNREACHABLE_CODE = YES;
				CLANG_WARN__DUPLICATE_METHOD_MATCH = YES;
				"CODE_SIGN_IDENTITY[sdk=iphoneos*]" = "iPhone Developer";
				COPY_PHASE_STRIP = NO;
				DEBUG_INFORMATION_FORMAT = "dwarf-with-dsym";
				ENABLE_STRICT_OBJC_MSGSEND = YES;
				GCC_C_LANGUAGE_STANDARD = gnu99;
				GCC_DYNAMIC_NO_PIC = NO;
				GCC_NO_COMMON_BLOCKS = YES;
				GCC_OPTIMIZATION_LEVEL = 0;
				GCC_PREPROCESSOR_DEFINITIONS = (
					"DEBUG=1",
					"$(inherited)",
				);
				GCC_SYMBOLS_PRIVATE_EXTERN = NO;
				GCC_WARN_64_TO_32_BIT_CONVERSION = YES;
				GCC_WARN_ABOUT_RETURN_TYPE = YES_ERROR;
				GCC_WARN_UNDECLARED_SELECTOR = YES;
				GCC_WARN_UNINITIALIZED_AUTOS = YES_AGGRESSIVE;
				GCC_WARN_UNUSED_FUNCTION = YES;
				GCC_WARN_UNUSED_VARIABLE = YES;
				IPHONEOS_DEPLOYMENT_TARGET = 8.3;
				MTL_ENABLE_DEBUG_INFO = YES;
				ONLY_ACTIVE_ARCH = YES;
				SDKROOT = iphoneos;
				SWIFT_OPTIMIZATION_LEVEL = "-Onone";
			};
			name = Debug;
		};
		1825B6DA1B4824C3001642DB /* Release */ = {
			isa = XCBuildConfiguration;
			buildSettings = {
				ALWAYS_SEARCH_USER_PATHS = NO;
				CLANG_CXX_LANGUAGE_STANDARD = "gnu++0x";
				CLANG_CXX_LIBRARY = "libc++";
				CLANG_ENABLE_MODULES = YES;
				CLANG_ENABLE_OBJC_ARC = YES;
				CLANG_WARN_BOOL_CONVERSION = YES;
				CLANG_WARN_CONSTANT_CONVERSION = YES;
				CLANG_WARN_DIRECT_OBJC_ISA_USAGE = YES_ERROR;
				CLANG_WARN_EMPTY_BODY = YES;
				CLANG_WARN_ENUM_CONVERSION = YES;
				CLANG_WARN_INT_CONVERSION = YES;
				CLANG_WARN_OBJC_ROOT_CLASS = YES_ERROR;
				CLANG_WARN_UNREACHABLE_CODE = YES;
				CLANG_WARN__DUPLICATE_METHOD_MATCH = YES;
				"CODE_SIGN_IDENTITY[sdk=iphoneos*]" = "iPhone Developer";
				COPY_PHASE_STRIP = NO;
				DEBUG_INFORMATION_FORMAT = "dwarf-with-dsym";
				ENABLE_NS_ASSERTIONS = NO;
				ENABLE_STRICT_OBJC_MSGSEND = YES;
				GCC_C_LANGUAGE_STANDARD = gnu99;
				GCC_NO_COMMON_BLOCKS = YES;
				GCC_WARN_64_TO_32_BIT_CONVERSION = YES;
				GCC_WARN_ABOUT_RETURN_TYPE = YES_ERROR;
				GCC_WARN_UNDECLARED_SELECTOR = YES;
				GCC_WARN_UNINITIALIZED_AUTOS = YES_AGGRESSIVE;
				GCC_WARN_UNUSED_FUNCTION = YES;
				GCC_WARN_UNUSED_VARIABLE = YES;
				IPHONEOS_DEPLOYMENT_TARGET = 8.3;
				MTL_ENABLE_DEBUG_INFO = NO;
				SDKROOT = iphoneos;
				VALIDATE_PRODUCT = YES;
			};
			name = Release;
		};
		1825B6DC1B4824C3001642DB /* Debug */ = {
			isa = XCBuildConfiguration;
			buildSettings = {
				ASSETCATALOG_COMPILER_APPICON_NAME = AppIcon;
				INFOPLIST_FILE = HonolululuArt/Info.plist;
				LD_RUNPATH_SEARCH_PATHS = "$(inherited) @executable_path/Frameworks";
				PRODUCT_NAME = "$(TARGET_NAME)";
			};
			name = Debug;
		};
		1825B6DD1B4824C3001642DB /* Release */ = {
			isa = XCBuildConfiguration;
			buildSettings = {
				ASSETCATALOG_COMPILER_APPICON_NAME = AppIcon;
				INFOPLIST_FILE = HonolululuArt/Info.plist;
				LD_RUNPATH_SEARCH_PATHS = "$(inherited) @executable_path/Frameworks";
				PRODUCT_NAME = "$(TARGET_NAME)";
			};
			name = Release;
		};
		1825B6DF1B4824C3001642DB /* Debug */ = {
			isa = XCBuildConfiguration;
			buildSettings = {
				BUNDLE_LOADER = "$(TEST_HOST)";
				FRAMEWORK_SEARCH_PATHS = (
					"$(SDKROOT)/Developer/Library/Frameworks",
					"$(inherited)",
				);
				GCC_PREPROCESSOR_DEFINITIONS = (
					"DEBUG=1",
					"$(inherited)",
				);
				INFOPLIST_FILE = HonolululuArtTests/Info.plist;
				LD_RUNPATH_SEARCH_PATHS = "$(inherited) @executable_path/Frameworks @loader_path/Frameworks";
				PRODUCT_NAME = "$(TARGET_NAME)";
				TEST_HOST = "$(BUILT_PRODUCTS_DIR)/HonolululuArt.app/HonolululuArt";
			};
			name = Debug;
		};
		1825B6E01B4824C3001642DB /* Release */ = {
			isa = XCBuildConfiguration;
			buildSettings = {
				BUNDLE_LOADER = "$(TEST_HOST)";
				FRAMEWORK_SEARCH_PATHS = (
					"$(SDKROOT)/Developer/Library/Frameworks",
					"$(inherited)",
				);
				INFOPLIST_FILE = HonolululuArtTests/Info.plist;
				LD_RUNPATH_SEARCH_PATHS = "$(inherited) @executable_path/Frameworks @loader_path/Frameworks";
				PRODUCT_NAME = "$(TARGET_NAME)";
				TEST_HOST = "$(BUILT_PRODUCTS_DIR)/HonolululuArt.app/HonolululuArt";
			};
			name = Release;
		};
/* End XCBuildConfiguration section */

/* Begin XCConfigurationList section */
		1825B6B41B4824C3001642DB /* Build configuration list for PBXProject "HonolululuArt" */ = {
			isa = XCConfigurationList;
			buildConfigurations = (
				1825B6D91B4824C3001642DB /* Debug */,
				1825B6DA1B4824C3001642DB /* Release */,
			);
			defaultConfigurationIsVisible = 0;
			defaultConfigurationName = Release;
		};
		1825B6DB1B4824C3001642DB /* Build configuration list for PBXNativeTarget "HonolululuArt" */ = {
			isa = XCConfigurationList;
			buildConfigurations = (
				1825B6DC1B4824C3001642DB /* Debug */,
				1825B6DD1B4824C3001642DB /* Release */,
			);
			defaultConfigurationIsVisible = 0;
			defaultConfigurationName = Release;
		};
		1825B6DE1B4824C3001642DB /* Build configuration list for PBXNativeTarget "HonolululuArtTests" */ = {
			isa = XCConfigurationList;
			buildConfigurations = (
				1825B6DF1B4824C3001642DB /* Debug */,
				1825B6E01B4824C3001642DB /* Release */,
			);
			defaultConfigurationIsVisible = 0;
			defaultConfigurationName = Release;
		};
/* End XCConfigurationList section */

/* Begin XCVersionGroup section */
		1825B6C01B4824C3001642DB /* HonolululuArt.xcdatamodeld */ = {
			isa = XCVersionGroup;
			children = (
				1825B6C11B4824C3001642DB /* HonolululuArt.xcdatamodel */,
			);
			currentVersion = 1825B6C11B4824C3001642DB /* HonolululuArt.xcdatamodel */;
			path = HonolululuArt.xcdatamodeld;
			sourceTree = "<group>";
			versionGroupType = wrapper.xcdatamodel;
		};
/* End XCVersionGroup section */
	};
	rootObject = 1825B6B11B4824C3001642DB /* Project object */;
}
